
Microsoft Visual Studio Solution File, Format Version 12.00
# Visual Studio Version 16
VisualStudioVersion = 16.0.31702.278
MinimumVisualStudioVersion = 10.0.40219.1
Project("{FAE04EC0-301F-11D3-BF4B-00C04F79EFBC}") = "HW7.1", "ConsoleApp1\HW7.1.csproj", "{422B89D1-D76A-414E-813F-D12C148B7F57}"
EndProject
Global
	GlobalSection(SolutionConfigurationPlatforms) = preSolution
		Debug|Any CPU = Debug|Any CPU
		Release|Any CPU = Release|Any CPU
	EndGlobalSection
	GlobalSection(ProjectConfigurationPlatforms) = postSolution
		{422B89D1-D76A-414E-813F-D12C148B7F57}.Debug|Any CPU.ActiveCfg = Debug|Any CPU
		{422B89D1-D76A-414E-813F-D12C148B7F57}.Debug|Any CPU.Build.0 = Debug|Any CPU
		{422B89D1-D76A-414E-813F-D12C148B7F57}.Release|Any CPU.ActiveCfg = Release|Any CPU
		{422B89D1-D76A-414E-813F-D12C148B7F57}.Release|Any CPU.Build.0 = Release|Any CPU
	EndGlobalSection
	GlobalSection(SolutionProperties) = preSolution
		HideSolutionNode = FALSE
	EndGlobalSection
	GlobalSection(ExtensibilityGlobals) = postSolution
		SolutionGuid = {CC71AD10-C7DF-4562-8E8D-E0165E002729}
	EndGlobalSection
EndGlobal
